
Microsoft Visual Studio Solution File, Format Version 12.00
# Visual Studio Version 17
VisualStudioVersion = 17.13.35806.99
MinimumVisualStudioVersion = 10.0.40219.1
Project("{FAE04EC0-301F-11D3-BF4B-00C04F79EFBC}") = "LouCareHack.Domain", "LouCareHack.Backend\LouCareHack.Domain\LouCareHack.Domain.csproj", "{7FD3618B-25AD-4528-A7C6-56AC5B1A9D3A}"
EndProject
Project("{FAE04EC0-301F-11D3-BF4B-00C04F79EFBC}") = "LouCareHack.Application", "LouCareHack.Backend\LouCareHack.Application\LouCareHack.Application.csproj", "{F2112D17-D66C-490B-8749-5962A89E5F7F}"
EndProject
Project("{FAE04EC0-301F-11D3-BF4B-00C04F79EFBC}") = "LouCareHack.Infrastructure", "LouCareHack.Backend\LouCareHack.Infrastructure\LouCareHack.Infrastructure.csproj", "{6695F058-0976-460A-BD34-477B7AE4B54D}"
EndProject
Project("{FAE04EC0-301F-11D3-BF4B-00C04F79EFBC}") = "LouCareHack.API", "LouCareHack.Backend\LouCareHack.API\LouCareHack.API.csproj", "{79F19DD4-D743-4517-A041-3BB9B95F7A8D}"
EndProject
Global
	GlobalSection(SolutionConfigurationPlatforms) = preSolution
		Debug|Any CPU = Debug|Any CPU
		Release|Any CPU = Release|Any CPU
	EndGlobalSection
	GlobalSection(ProjectConfigurationPlatforms) = postSolution
		{7FD3618B-25AD-4528-A7C6-56AC5B1A9D3A}.Debug|Any CPU.ActiveCfg = Debug|Any CPU
		{7FD3618B-25AD-4528-A7C6-56AC5B1A9D3A}.Debug|Any CPU.Build.0 = Debug|Any CPU
		{7FD3618B-25AD-4528-A7C6-56AC5B1A9D3A}.Release|Any CPU.ActiveCfg = Release|Any CPU
		{7FD3618B-25AD-4528-A7C6-56AC5B1A9D3A}.Release|Any CPU.Build.0 = Release|Any CPU
		{F2112D17-D66C-490B-8749-5962A89E5F7F}.Debug|Any CPU.ActiveCfg = Debug|Any CPU
		{F2112D17-D66C-490B-8749-5962A89E5F7F}.Debug|Any CPU.Build.0 = Debug|Any CPU
		{F2112D17-D66C-490B-8749-5962A89E5F7F}.Release|Any CPU.ActiveCfg = Release|Any CPU
		{F2112D17-D66C-490B-8749-5962A89E5F7F}.Release|Any CPU.Build.0 = Release|Any CPU
		{6695F058-0976-460A-BD34-477B7AE4B54D}.Debug|Any CPU.ActiveCfg = Debug|Any CPU
		{6695F058-0976-460A-BD34-477B7AE4B54D}.Debug|Any CPU.Build.0 = Debug|Any CPU
		{6695F058-0976-460A-BD34-477B7AE4B54D}.Release|Any CPU.ActiveCfg = Release|Any CPU
		{6695F058-0976-460A-BD34-477B7AE4B54D}.Release|Any CPU.Build.0 = Release|Any CPU
		{79F19DD4-D743-4517-A041-3BB9B95F7A8D}.Debug|Any CPU.ActiveCfg = Debug|Any CPU
		{79F19DD4-D743-4517-A041-3BB9B95F7A8D}.Debug|Any CPU.Build.0 = Debug|Any CPU
		{79F19DD4-D743-4517-A041-3BB9B95F7A8D}.Release|Any CPU.ActiveCfg = Release|Any CPU
		{79F19DD4-D743-4517-A041-3BB9B95F7A8D}.Release|Any CPU.Build.0 = Release|Any CPU
	EndGlobalSection
	GlobalSection(SolutionProperties) = preSolution
		HideSolutionNode = FALSE
	EndGlobalSection
	GlobalSection(ExtensibilityGlobals) = postSolution
		SolutionGuid = {67060E02-6C43-47FB-8E59-A162C35379A8}
	EndGlobalSection
EndGlobal
